
Microsoft Visual Studio Solution File, Format Version 12.00
# Visual Studio Version 17
VisualStudioVersion = 17.10.35122.118
MinimumVisualStudioVersion = 10.0.40219.1
Project("{FAE04EC0-301F-11D3-BF4B-00C04F79EFBC}") = "RobotClient", "RobotClient.csproj", "{121BAB63-E44E-4D8A-8E69-7A016ABB7674}"
EndProject
Global
	GlobalSection(SolutionConfigurationPlatforms) = preSolution
		Debug|Any CPU = Debug|Any CPU
		Release|Any CPU = Release|Any CPU
	EndGlobalSection
	GlobalSection(ProjectConfigurationPlatforms) = postSolution
		{121BAB63-E44E-4D8A-8E69-7A016ABB7674}.Debug|Any CPU.ActiveCfg = Debug|Any CPU
		{121BAB63-E44E-4D8A-8E69-7A016ABB7674}.Debug|Any CPU.Build.0 = Debug|Any CPU
		{121BAB63-E44E-4D8A-8E69-7A016ABB7674}.Release|Any CPU.ActiveCfg = Release|Any CPU
		{121BAB63-E44E-4D8A-8E69-7A016ABB7674}.Release|Any CPU.Build.0 = Release|Any CPU
	EndGlobalSection
	GlobalSection(SolutionProperties) = preSolution
		HideSolutionNode = FALSE
	EndGlobalSection
	GlobalSection(ExtensibilityGlobals) = postSolution
		SolutionGuid = {8D5A87C9-0F70-493F-97E8-41C1748932BB}
	EndGlobalSection
EndGlobal
